
Microsoft Visual Studio Solution File, Format Version 12.00
# Visual Studio Version 17
VisualStudioVersion = 17.0.31912.275
MinimumVisualStudioVersion = 10.0.40219.1
Project("{9A19103F-16F7-4668-BE54-9A1E7A4F7556}") = "CashFlowUI", "CashFlowUI\CashFlowUI.csproj", "{08A474BD-11E7-4C31-94FD-712CF5C1C41D}"
EndProject
Project("{9A19103F-16F7-4668-BE54-9A1E7A4F7556}") = "CashflowUI.Tests", "CashflowUI.Tests\CashflowUI.Tests.csproj", "{BD46F786-CA83-4694-A4CF-B5C6D5CBD7A7}"
EndProject
Project("{9A19103F-16F7-4668-BE54-9A1E7A4F7556}") = "AccountInformationAPI", "AccountInformationAPI\AccountInformationAPI.csproj", "{69285EA5-9BA9-4CBA-807B-8CA00FE7CA2A}"
EndProject
Project("{9A19103F-16F7-4668-BE54-9A1E7A4F7556}") = "ModelsLib", "AccountModelsLib\ModelsLib.csproj", "{AB5A7CA8-6A71-4983-8791-BF52FC031AB1}"
EndProject
Project("{2150E333-8FDC-42A3-9474-1A3956D46DE8}") = "AccountLibraries", "AccountLibraries", "{38D2FD59-2195-4917-A814-8051B70B23DB}"
EndProject
Project("{9A19103F-16F7-4668-BE54-9A1E7A4F7556}") = "AccountRepositoryLib", "AccountRepositoryLib\AccountRepositoryLib.csproj", "{6514FDAE-58F6-4A26-8A9C-4AAC9BB56BF8}"
EndProject
Project("{9A19103F-16F7-4668-BE54-9A1E7A4F7556}") = "TransactionRepositoryLib", "TransactionRepository\TransactionRepositoryLib.csproj", "{3BAA57EA-4425-45FA-9A0D-8247B48753C1}"
EndProject
Project("{2150E333-8FDC-42A3-9474-1A3956D46DE8}") = "TransactionLibraries", "TransactionLibraries", "{78B2B49C-E6EF-4D99-BAA6-1DE85E98294F}"
EndProject
Project("{2150E333-8FDC-42A3-9474-1A3956D46DE8}") = "GeneralLibraries", "GeneralLibraries", "{5D5EAF27-9338-4229-873E-C525B5C2D524}"
EndProject
Project("{9A19103F-16F7-4668-BE54-9A1E7A4F7556}") = "AppContextLib", "AppContextLib\AppContextLib.csproj", "{1AF2D7C3-9301-4BC3-B27B-097A407A3845}"
EndProject
Project("{2150E333-8FDC-42A3-9474-1A3956D46DE8}") = "RoleLibraries", "RoleLibraries", "{B0449739-A1E5-400B-9F95-4DD356135CC5}"
EndProject
Project("{9A19103F-16F7-4668-BE54-9A1E7A4F7556}") = "RoleRepositoryLib", "RoleRepositoryLib\RoleRepositoryLib.csproj", "{E44679B3-2F52-41D1-9E30-16AA840A9834}"
EndProject
Project("{9A19103F-16F7-4668-BE54-9A1E7A4F7556}") = "PopulateDatabaseLib", "PopulateDatabaseLib\PopulateDatabaseLib.csproj", "{AA0B2C29-D541-44C8-9362-0B706B3D4E00}"
EndProject
Project("{FAE04EC0-301F-11D3-BF4B-00C04F79EFBC}") = "TransactionInformationAPI", "TransactionInformationAPI\TransactionInformationAPI.csproj", "{C8A85DD4-3F1E-4E09-A666-19B7AD5BFDF2}"
EndProject
Global
	GlobalSection(SolutionConfigurationPlatforms) = preSolution
		Debug|Any CPU = Debug|Any CPU
		Release|Any CPU = Release|Any CPU
	EndGlobalSection
	GlobalSection(ProjectConfigurationPlatforms) = postSolution
		{08A474BD-11E7-4C31-94FD-712CF5C1C41D}.Debug|Any CPU.ActiveCfg = Debug|Any CPU
		{08A474BD-11E7-4C31-94FD-712CF5C1C41D}.Debug|Any CPU.Build.0 = Debug|Any CPU
		{08A474BD-11E7-4C31-94FD-712CF5C1C41D}.Release|Any CPU.ActiveCfg = Release|Any CPU
		{08A474BD-11E7-4C31-94FD-712CF5C1C41D}.Release|Any CPU.Build.0 = Release|Any CPU
		{BD46F786-CA83-4694-A4CF-B5C6D5CBD7A7}.Debug|Any CPU.ActiveCfg = Debug|Any CPU
		{BD46F786-CA83-4694-A4CF-B5C6D5CBD7A7}.Debug|Any CPU.Build.0 = Debug|Any CPU
		{BD46F786-CA83-4694-A4CF-B5C6D5CBD7A7}.Release|Any CPU.ActiveCfg = Release|Any CPU
		{BD46F786-CA83-4694-A4CF-B5C6D5CBD7A7}.Release|Any CPU.Build.0 = Release|Any CPU
		{69285EA5-9BA9-4CBA-807B-8CA00FE7CA2A}.Debug|Any CPU.ActiveCfg = Debug|Any CPU
		{69285EA5-9BA9-4CBA-807B-8CA00FE7CA2A}.Debug|Any CPU.Build.0 = Debug|Any CPU
		{69285EA5-9BA9-4CBA-807B-8CA00FE7CA2A}.Release|Any CPU.ActiveCfg = Release|Any CPU
		{69285EA5-9BA9-4CBA-807B-8CA00FE7CA2A}.Release|Any CPU.Build.0 = Release|Any CPU
		{AB5A7CA8-6A71-4983-8791-BF52FC031AB1}.Debug|Any CPU.ActiveCfg = Debug|Any CPU
		{AB5A7CA8-6A71-4983-8791-BF52FC031AB1}.Debug|Any CPU.Build.0 = Debug|Any CPU
		{AB5A7CA8-6A71-4983-8791-BF52FC031AB1}.Release|Any CPU.ActiveCfg = Release|Any CPU
		{AB5A7CA8-6A71-4983-8791-BF52FC031AB1}.Release|Any CPU.Build.0 = Release|Any CPU
		{6514FDAE-58F6-4A26-8A9C-4AAC9BB56BF8}.Debug|Any CPU.ActiveCfg = Debug|Any CPU
		{6514FDAE-58F6-4A26-8A9C-4AAC9BB56BF8}.Debug|Any CPU.Build.0 = Debug|Any CPU
		{6514FDAE-58F6-4A26-8A9C-4AAC9BB56BF8}.Release|Any CPU.ActiveCfg = Release|Any CPU
		{6514FDAE-58F6-4A26-8A9C-4AAC9BB56BF8}.Release|Any CPU.Build.0 = Release|Any CPU
		{3BAA57EA-4425-45FA-9A0D-8247B48753C1}.Debug|Any CPU.ActiveCfg = Debug|Any CPU
		{3BAA57EA-4425-45FA-9A0D-8247B48753C1}.Debug|Any CPU.Build.0 = Debug|Any CPU
		{3BAA57EA-4425-45FA-9A0D-8247B48753C1}.Release|Any CPU.ActiveCfg = Release|Any CPU
		{3BAA57EA-4425-45FA-9A0D-8247B48753C1}.Release|Any CPU.Build.0 = Release|Any CPU
		{1AF2D7C3-9301-4BC3-B27B-097A407A3845}.Debug|Any CPU.ActiveCfg = Debug|Any CPU
		{1AF2D7C3-9301-4BC3-B27B-097A407A3845}.Debug|Any CPU.Build.0 = Debug|Any CPU
		{1AF2D7C3-9301-4BC3-B27B-097A407A3845}.Release|Any CPU.ActiveCfg = Release|Any CPU
		{1AF2D7C3-9301-4BC3-B27B-097A407A3845}.Release|Any CPU.Build.0 = Release|Any CPU
		{E44679B3-2F52-41D1-9E30-16AA840A9834}.Debug|Any CPU.ActiveCfg = Debug|Any CPU
		{E44679B3-2F52-41D1-9E30-16AA840A9834}.Debug|Any CPU.Build.0 = Debug|Any CPU
		{E44679B3-2F52-41D1-9E30-16AA840A9834}.Release|Any CPU.ActiveCfg = Release|Any CPU
		{E44679B3-2F52-41D1-9E30-16AA840A9834}.Release|Any CPU.Build.0 = Release|Any CPU
		{AA0B2C29-D541-44C8-9362-0B706B3D4E00}.Debug|Any CPU.ActiveCfg = Debug|Any CPU
		{AA0B2C29-D541-44C8-9362-0B706B3D4E00}.Debug|Any CPU.Build.0 = Debug|Any CPU
		{AA0B2C29-D541-44C8-9362-0B706B3D4E00}.Release|Any CPU.ActiveCfg = Release|Any CPU
		{AA0B2C29-D541-44C8-9362-0B706B3D4E00}.Release|Any CPU.Build.0 = Release|Any CPU
		{C8A85DD4-3F1E-4E09-A666-19B7AD5BFDF2}.Debug|Any CPU.ActiveCfg = Debug|Any CPU
		{C8A85DD4-3F1E-4E09-A666-19B7AD5BFDF2}.Debug|Any CPU.Build.0 = Debug|Any CPU
		{C8A85DD4-3F1E-4E09-A666-19B7AD5BFDF2}.Release|Any CPU.ActiveCfg = Release|Any CPU
		{C8A85DD4-3F1E-4E09-A666-19B7AD5BFDF2}.Release|Any CPU.Build.0 = Release|Any CPU
	EndGlobalSection
	GlobalSection(SolutionProperties) = preSolution
		HideSolutionNode = FALSE
	EndGlobalSection
	GlobalSection(NestedProjects) = preSolution
		{AB5A7CA8-6A71-4983-8791-BF52FC031AB1} = {5D5EAF27-9338-4229-873E-C525B5C2D524}
		{6514FDAE-58F6-4A26-8A9C-4AAC9BB56BF8} = {38D2FD59-2195-4917-A814-8051B70B23DB}
		{3BAA57EA-4425-45FA-9A0D-8247B48753C1} = {78B2B49C-E6EF-4D99-BAA6-1DE85E98294F}
		{1AF2D7C3-9301-4BC3-B27B-097A407A3845} = {5D5EAF27-9338-4229-873E-C525B5C2D524}
		{E44679B3-2F52-41D1-9E30-16AA840A9834} = {B0449739-A1E5-400B-9F95-4DD356135CC5}
		{AA0B2C29-D541-44C8-9362-0B706B3D4E00} = {5D5EAF27-9338-4229-873E-C525B5C2D524}
	EndGlobalSection
	GlobalSection(ExtensibilityGlobals) = postSolution
		SolutionGuid = {F34AD6C1-09CF-4E21-815D-B9839F4153A0}
	EndGlobalSection
EndGlobal
